
Microsoft Visual Studio Solution File, Format Version 12.00
# Visual Studio Version 17
VisualStudioVersion = 17.0.31903.59
MinimumVisualStudioVersion = 10.0.40219.1
Project("{FAE04EC0-301F-11D3-BF4B-00C04F79EFBC}") = "StickyTunes.Data", "StickyTunes.Data\StickyTunes.Data.csproj", "{3E239248-718C-4E6C-AF6A-C29FDB6D2BBE}"
EndProject
Project("{FAE04EC0-301F-11D3-BF4B-00C04F79EFBC}") = "StickyTunes.Business", "StickyTunes.Business\StickyTunes.Business.csproj", "{F28E7FB7-4219-4072-8782-78AEC8F0E009}"
EndProject
Project("{FAE04EC0-301F-11D3-BF4B-00C04F79EFBC}") = "StickyTunes.API", "StickyTunes.API\StickyTunes.API.csproj", "{4C020CEA-618A-4E8A-84E0-EFF6AF8C644E}"
EndProject
Global
	GlobalSection(SolutionConfigurationPlatforms) = preSolution
		Debug|Any CPU = Debug|Any CPU
		Release|Any CPU = Release|Any CPU
	EndGlobalSection
	GlobalSection(SolutionProperties) = preSolution
		HideSolutionNode = FALSE
	EndGlobalSection
	GlobalSection(ProjectConfigurationPlatforms) = postSolution
		{3E239248-718C-4E6C-AF6A-C29FDB6D2BBE}.Debug|Any CPU.ActiveCfg = Debug|Any CPU
		{3E239248-718C-4E6C-AF6A-C29FDB6D2BBE}.Debug|Any CPU.Build.0 = Debug|Any CPU
		{3E239248-718C-4E6C-AF6A-C29FDB6D2BBE}.Release|Any CPU.ActiveCfg = Release|Any CPU
		{3E239248-718C-4E6C-AF6A-C29FDB6D2BBE}.Release|Any CPU.Build.0 = Release|Any CPU
		{F28E7FB7-4219-4072-8782-78AEC8F0E009}.Debug|Any CPU.ActiveCfg = Debug|Any CPU
		{F28E7FB7-4219-4072-8782-78AEC8F0E009}.Debug|Any CPU.Build.0 = Debug|Any CPU
		{F28E7FB7-4219-4072-8782-78AEC8F0E009}.Release|Any CPU.ActiveCfg = Release|Any CPU
		{F28E7FB7-4219-4072-8782-78AEC8F0E009}.Release|Any CPU.Build.0 = Release|Any CPU
		{4C020CEA-618A-4E8A-84E0-EFF6AF8C644E}.Debug|Any CPU.ActiveCfg = Debug|Any CPU
		{4C020CEA-618A-4E8A-84E0-EFF6AF8C644E}.Debug|Any CPU.Build.0 = Debug|Any CPU
		{4C020CEA-618A-4E8A-84E0-EFF6AF8C644E}.Release|Any CPU.ActiveCfg = Release|Any CPU
		{4C020CEA-618A-4E8A-84E0-EFF6AF8C644E}.Release|Any CPU.Build.0 = Release|Any CPU
	EndGlobalSection
EndGlobal
